
Microsoft Visual Studio Solution File, Format Version 12.00
# Visual Studio Version 16
VisualStudioVersion = 16.0.29709.97
MinimumVisualStudioVersion = 10.0.40219.1
Project("{FAE04EC0-301F-11D3-BF4B-00C04F79EFBC}") = "Assignment 01 Seed Data", "Assignment 01 Seed Data.csproj", "{059E699C-A8BC-4469-909E-E162061AF31E}"
EndProject
Global
	GlobalSection(SolutionConfigurationPlatforms) = preSolution
		Debug|Any CPU = Debug|Any CPU
		Release|Any CPU = Release|Any CPU
	EndGlobalSection
	GlobalSection(ProjectConfigurationPlatforms) = postSolution
		{059E699C-A8BC-4469-909E-E162061AF31E}.Debug|Any CPU.ActiveCfg = Debug|Any CPU
		{059E699C-A8BC-4469-909E-E162061AF31E}.Debug|Any CPU.Build.0 = Debug|Any CPU
		{059E699C-A8BC-4469-909E-E162061AF31E}.Release|Any CPU.ActiveCfg = Release|Any CPU
		{059E699C-A8BC-4469-909E-E162061AF31E}.Release|Any CPU.Build.0 = Release|Any CPU
	EndGlobalSection
	GlobalSection(SolutionProperties) = preSolution
		HideSolutionNode = FALSE
	EndGlobalSection
	GlobalSection(ExtensibilityGlobals) = postSolution
		SolutionGuid = {2D612B4F-49B9-4BED-9CE4-051B597A2524}
	EndGlobalSection
EndGlobal
